{
	"name": "@uqds/new-header",
	"version": "0.0.5-alpha.0",
	"lockfileVersion": 2,
	"requires": true,
	"packages": {
		"": {
			"name": "@uqds/new-header",
			"version": "0.0.5-alpha.0",
			"license": "ISC",
			"dependencies": {
				"@grubersjoe/slide-menu": "1.2.3"
			}
		},
		"../core": {
			"name": "@uqds/core",
			"version": "0.0.5-alpha.0",
			"extraneous": true,
			"license": "ISC"
		},
		"../grid": {
			"name": "@uqds/grid",
			"version": "0.0.5-alpha.0",
			"extraneous": true,
			"license": "ISC",
			"dependencies": {
				"@uqds/core": "^0.0.5-alpha.0"
			}
		},
		"node_modules/@grubersjoe/slide-menu": {
			"version": "1.2.3",
			"resolved": "https://registry.npmjs.org/@grubersjoe/slide-menu/-/slide-menu-1.2.3.tgz",
			"integrity": "sha512-ZBs4ONrnPfOvqYkJ1nSj8vUaY/5Op2qjo3lZNkWNQHUrTJv0sFFdo4wYttv/8L3XS8t9L5hIWiGRtLWTjNs61w=="
		}
	},
	"dependencies": {
		"@grubersjoe/slide-menu": {
			"version": "1.2.3",
			"resolved": "https://registry.npmjs.org/@grubersjoe/slide-menu/-/slide-menu-1.2.3.tgz",
			"integrity": "sha512-ZBs4ONrnPfOvqYkJ1nSj8vUaY/5Op2qjo3lZNkWNQHUrTJv0sFFdo4wYttv/8L3XS8t9L5hIWiGRtLWTjNs61w=="
		}
	}
}
