{
  "name": "@uq-uidf/core",
  "version": "0.0.0",
  "lockfileVersion": 1,
  "requires": true,
  "dependencies": {
    "compass-mixins": {
      "version": "0.12.10",
      "resolved": "https://registry.npmjs.org/compass-mixins/-/compass-mixins-0.12.10.tgz",
      "integrity": "sha1-zZ8V+CnE6WDMQ7sibwSbKL65nUE="
    },
    "font-awesome": {
      "version": "4.7.0",
      "resolved": "https://registry.npmjs.org/font-awesome/-/font-awesome-4.7.0.tgz",
      "integrity": "sha1-j6jPBBGhoxr9B7BtKQK7n8gVoTM="
    },
    "foundation-sites": {
      "version": "5.5.3",
      "resolved": "https://registry.npmjs.org/foundation-sites/-/foundation-sites-5.5.3.tgz",
      "integrity": "sha1-ZVbrKzHN47ImYwEWvSFdldBWwKc="
    }
  }
}
