{
  "name": "@uqmchu/main-menu",
  "version": "0.0.0",
  "lockfileVersion": 1,
  "requires": true,
  "dependencies": {
    "domready": {
      "version": "1.0.8",
      "resolved": "https://registry.npmjs.org/domready/-/domready-1.0.8.tgz",
      "integrity": "sha1-kfJS5Ze2Wvd+dFriTdAYXV4m1Yw="
    },
    "font-awesome": {
      "version": "4.7.0",
      "resolved": "https://registry.npmjs.org/font-awesome/-/font-awesome-4.7.0.tgz",
      "integrity": "sha1-j6jPBBGhoxr9B7BtKQK7n8gVoTM="
    },
    "foundation-sites": {
      "version": "5.5.3",
      "resolved": "https://registry.npmjs.org/foundation-sites/-/foundation-sites-5.5.3.tgz",
      "integrity": "sha1-ZVbrKzHN47ImYwEWvSFdldBWwKc="
    }
  }
}
